
Microsoft Visual Studio Solution File, Format Version 12.00
# Visual Studio Version 16
VisualStudioVersion = 16.0.30114.105
MinimumVisualStudioVersion = 10.0.40219.1
Project("{2150E333-8FDC-42A3-9474-1A3956D46DE8}") = "src", "src", "{8E3529E9-3E3D-42B6-AA3B-6D3B9B553C1B}"
EndProject
Project("{FAE04EC0-301F-11D3-BF4B-00C04F79EFBC}") = "Manager.API", "src\1-Manager.API\Manager.API.csproj", "{1F2ECC59-D358-44A8-9DAB-0A93B9F5FF61}"
EndProject
Project("{FAE04EC0-301F-11D3-BF4B-00C04F79EFBC}") = "Manager.Domain", "src\2-Manager.Domain\Manager.Domain.csproj", "{EBC736BF-6865-47AE-814C-B823234EC9A9}"
EndProject
Project("{FAE04EC0-301F-11D3-BF4B-00C04F79EFBC}") = "Manager.Services", "src\3-Manager.Services\Manager.Services.csproj", "{C20E250C-011B-401D-933C-EC6D8B6222EB}"
EndProject
Project("{FAE04EC0-301F-11D3-BF4B-00C04F79EFBC}") = "Manager.Infra", "src\4-Manager.Infra\Manager.Infra.csproj", "{1DE6B7FA-3FAB-43F7-B5E7-C170BD4E6474}"
EndProject
Project("{FAE04EC0-301F-11D3-BF4B-00C04F79EFBC}") = "Manager.Core", "src\5-Manager.Core\Manager.Core.csproj", "{53711D83-C129-4D13-BDBE-F593F441D2D6}"
EndProject
Project("{FAE04EC0-301F-11D3-BF4B-00C04F79EFBC}") = "Manager.Tests", "src\6-Manager.Tests\Manager.Tests.csproj", "{FC5BC742-01F6-4BC3-A6DD-86375FA0C96F}"
EndProject
Global
	GlobalSection(SolutionConfigurationPlatforms) = preSolution
		Debug|Any CPU = Debug|Any CPU
		Release|Any CPU = Release|Any CPU
	EndGlobalSection
	GlobalSection(SolutionProperties) = preSolution
		HideSolutionNode = FALSE
	EndGlobalSection
	GlobalSection(ProjectConfigurationPlatforms) = postSolution
		{1F2ECC59-D358-44A8-9DAB-0A93B9F5FF61}.Debug|Any CPU.ActiveCfg = Debug|Any CPU
		{1F2ECC59-D358-44A8-9DAB-0A93B9F5FF61}.Debug|Any CPU.Build.0 = Debug|Any CPU
		{1F2ECC59-D358-44A8-9DAB-0A93B9F5FF61}.Release|Any CPU.ActiveCfg = Release|Any CPU
		{1F2ECC59-D358-44A8-9DAB-0A93B9F5FF61}.Release|Any CPU.Build.0 = Release|Any CPU
		{EBC736BF-6865-47AE-814C-B823234EC9A9}.Debug|Any CPU.ActiveCfg = Debug|Any CPU
		{EBC736BF-6865-47AE-814C-B823234EC9A9}.Debug|Any CPU.Build.0 = Debug|Any CPU
		{EBC736BF-6865-47AE-814C-B823234EC9A9}.Release|Any CPU.ActiveCfg = Release|Any CPU
		{EBC736BF-6865-47AE-814C-B823234EC9A9}.Release|Any CPU.Build.0 = Release|Any CPU
		{C20E250C-011B-401D-933C-EC6D8B6222EB}.Debug|Any CPU.ActiveCfg = Debug|Any CPU
		{C20E250C-011B-401D-933C-EC6D8B6222EB}.Debug|Any CPU.Build.0 = Debug|Any CPU
		{C20E250C-011B-401D-933C-EC6D8B6222EB}.Release|Any CPU.ActiveCfg = Release|Any CPU
		{C20E250C-011B-401D-933C-EC6D8B6222EB}.Release|Any CPU.Build.0 = Release|Any CPU
		{1DE6B7FA-3FAB-43F7-B5E7-C170BD4E6474}.Debug|Any CPU.ActiveCfg = Debug|Any CPU
		{1DE6B7FA-3FAB-43F7-B5E7-C170BD4E6474}.Debug|Any CPU.Build.0 = Debug|Any CPU
		{1DE6B7FA-3FAB-43F7-B5E7-C170BD4E6474}.Release|Any CPU.ActiveCfg = Release|Any CPU
		{1DE6B7FA-3FAB-43F7-B5E7-C170BD4E6474}.Release|Any CPU.Build.0 = Release|Any CPU
		{53711D83-C129-4D13-BDBE-F593F441D2D6}.Debug|Any CPU.ActiveCfg = Debug|Any CPU
		{53711D83-C129-4D13-BDBE-F593F441D2D6}.Debug|Any CPU.Build.0 = Debug|Any CPU
		{53711D83-C129-4D13-BDBE-F593F441D2D6}.Release|Any CPU.ActiveCfg = Release|Any CPU
		{53711D83-C129-4D13-BDBE-F593F441D2D6}.Release|Any CPU.Build.0 = Release|Any CPU
		{FC5BC742-01F6-4BC3-A6DD-86375FA0C96F}.Debug|Any CPU.ActiveCfg = Debug|Any CPU
		{FC5BC742-01F6-4BC3-A6DD-86375FA0C96F}.Debug|Any CPU.Build.0 = Debug|Any CPU
		{FC5BC742-01F6-4BC3-A6DD-86375FA0C96F}.Release|Any CPU.ActiveCfg = Release|Any CPU
		{FC5BC742-01F6-4BC3-A6DD-86375FA0C96F}.Release|Any CPU.Build.0 = Release|Any CPU
	EndGlobalSection
	GlobalSection(NestedProjects) = preSolution
		{1F2ECC59-D358-44A8-9DAB-0A93B9F5FF61} = {8E3529E9-3E3D-42B6-AA3B-6D3B9B553C1B}
		{EBC736BF-6865-47AE-814C-B823234EC9A9} = {8E3529E9-3E3D-42B6-AA3B-6D3B9B553C1B}
		{C20E250C-011B-401D-933C-EC6D8B6222EB} = {8E3529E9-3E3D-42B6-AA3B-6D3B9B553C1B}
		{1DE6B7FA-3FAB-43F7-B5E7-C170BD4E6474} = {8E3529E9-3E3D-42B6-AA3B-6D3B9B553C1B}
		{53711D83-C129-4D13-BDBE-F593F441D2D6} = {8E3529E9-3E3D-42B6-AA3B-6D3B9B553C1B}
		{FC5BC742-01F6-4BC3-A6DD-86375FA0C96F} = {8E3529E9-3E3D-42B6-AA3B-6D3B9B553C1B}
	EndGlobalSection
EndGlobal
